
Microsoft Visual Studio Solution File, Format Version 12.00
# Visual Studio 2013
VisualStudioVersion = 12.0.21005.1
MinimumVisualStudioVersion = 10.0.40219.1
Project("{FAE04EC0-301F-11D3-BF4B-00C04F79EFBC}") = "KlingDigital.ResponsiveStyles.WinRT", "KlingDigital.ResponsiveStyles.WinRT\KlingDigital.ResponsiveStyles.WinRT.csproj", "{F48E6874-7F9E-4DBA-A7B3-C03CB520443F}"
EndProject
Project("{FAE04EC0-301F-11D3-BF4B-00C04F79EFBC}") = "KlingDigital.ResponsiveStyles.WPF", "KlingDigital.ResponsiveStyles.WPF\KlingDigital.ResponsiveStyles.WPF.csproj", "{D13003EB-644C-4472-8BBD-1523951D8349}"
EndProject
Project("{FAE04EC0-301F-11D3-BF4B-00C04F79EFBC}") = "KlingDigital.ResponsiveStyles.WP8", "KlingDigital.ResponsiveStyles.WP8\KlingDigital.ResponsiveStyles.WP8.csproj", "{2E2CC9A4-CA66-43A6-BD6B-C34CB5671589}"
EndProject
Project("{FAE04EC0-301F-11D3-BF4B-00C04F79EFBC}") = "ResponsiveSampleApp.WP8.PageLevel", "ResponsiveSampleApp.WP8.PageLevel\ResponsiveSampleApp.WP8.PageLevel.csproj", "{C3BA8D1A-1531-4EE4-8A47-ABAC2A4F9876}"
EndProject
Project("{FAE04EC0-301F-11D3-BF4B-00C04F79EFBC}") = "ResponsiveSampleApp.WinRT.PageLevel", "ResponsiveSampleApp.WinRT.PageLevel\ResponsiveSampleApp.WinRT.PageLevel.csproj", "{0D5ED866-0BA8-40C4-8749-223A36F765E8}"
EndProject
Project("{FAE04EC0-301F-11D3-BF4B-00C04F79EFBC}") = "ResponsiveSampleApp.WP8.AppLevel", "ResponsiveSampleApp.WP8.AppLevel\ResponsiveSampleApp.WP8.AppLevel.csproj", "{D7E4955E-D97D-4E44-B9A9-E68CAC7F1292}"
EndProject
Project("{FAE04EC0-301F-11D3-BF4B-00C04F79EFBC}") = "ResponsiveSampleApp.WinRT.AppLevel", "ResponsiveSampleApp.WinRT.AppLevel\ResponsiveSampleApp.WinRT.AppLevel.csproj", "{00662167-7D0F-4E19-AFA9-B4955CAEFA8B}"
EndProject
Project("{FAE04EC0-301F-11D3-BF4B-00C04F79EFBC}") = "ResponsiveSampleApp.WPF.PageLevel", "ResponsiveSampleApp.WPF.PageLevel\ResponsiveSampleApp.WPF.PageLevel.csproj", "{6ADF193A-E17F-479D-9A6F-03403EA03C6A}"
EndProject
Global
	GlobalSection(SolutionConfigurationPlatforms) = preSolution
		Debug|Any CPU = Debug|Any CPU
		Debug|ARM = Debug|ARM
		Debug|Mixed Platforms = Debug|Mixed Platforms
		Debug|x64 = Debug|x64
		Debug|x86 = Debug|x86
		Release|Any CPU = Release|Any CPU
		Release|ARM = Release|ARM
		Release|Mixed Platforms = Release|Mixed Platforms
		Release|x64 = Release|x64
		Release|x86 = Release|x86
	EndGlobalSection
	GlobalSection(ProjectConfigurationPlatforms) = postSolution
		{F48E6874-7F9E-4DBA-A7B3-C03CB520443F}.Debug|Any CPU.ActiveCfg = Debug|Any CPU
		{F48E6874-7F9E-4DBA-A7B3-C03CB520443F}.Debug|Any CPU.Build.0 = Debug|Any CPU
		{F48E6874-7F9E-4DBA-A7B3-C03CB520443F}.Debug|ARM.ActiveCfg = Debug|ARM
		{F48E6874-7F9E-4DBA-A7B3-C03CB520443F}.Debug|ARM.Build.0 = Debug|ARM
		{F48E6874-7F9E-4DBA-A7B3-C03CB520443F}.Debug|Mixed Platforms.ActiveCfg = Debug|x86
		{F48E6874-7F9E-4DBA-A7B3-C03CB520443F}.Debug|Mixed Platforms.Build.0 = Debug|x86
		{F48E6874-7F9E-4DBA-A7B3-C03CB520443F}.Debug|x64.ActiveCfg = Debug|x64
		{F48E6874-7F9E-4DBA-A7B3-C03CB520443F}.Debug|x64.Build.0 = Debug|x64
		{F48E6874-7F9E-4DBA-A7B3-C03CB520443F}.Debug|x86.ActiveCfg = Debug|x86
		{F48E6874-7F9E-4DBA-A7B3-C03CB520443F}.Debug|x86.Build.0 = Debug|x86
		{F48E6874-7F9E-4DBA-A7B3-C03CB520443F}.Release|Any CPU.ActiveCfg = Release|Any CPU
		{F48E6874-7F9E-4DBA-A7B3-C03CB520443F}.Release|Any CPU.Build.0 = Release|Any CPU
		{F48E6874-7F9E-4DBA-A7B3-C03CB520443F}.Release|ARM.ActiveCfg = Release|ARM
		{F48E6874-7F9E-4DBA-A7B3-C03CB520443F}.Release|ARM.Build.0 = Release|ARM
		{F48E6874-7F9E-4DBA-A7B3-C03CB520443F}.Release|Mixed Platforms.ActiveCfg = Release|x86
		{F48E6874-7F9E-4DBA-A7B3-C03CB520443F}.Release|Mixed Platforms.Build.0 = Release|x86
		{F48E6874-7F9E-4DBA-A7B3-C03CB520443F}.Release|x64.ActiveCfg = Release|x64
		{F48E6874-7F9E-4DBA-A7B3-C03CB520443F}.Release|x64.Build.0 = Release|x64
		{F48E6874-7F9E-4DBA-A7B3-C03CB520443F}.Release|x86.ActiveCfg = Release|x86
		{F48E6874-7F9E-4DBA-A7B3-C03CB520443F}.Release|x86.Build.0 = Release|x86
		{D13003EB-644C-4472-8BBD-1523951D8349}.Debug|Any CPU.ActiveCfg = Debug|Any CPU
		{D13003EB-644C-4472-8BBD-1523951D8349}.Debug|Any CPU.Build.0 = Debug|Any CPU
		{D13003EB-644C-4472-8BBD-1523951D8349}.Debug|ARM.ActiveCfg = Debug|Any CPU
		{D13003EB-644C-4472-8BBD-1523951D8349}.Debug|Mixed Platforms.ActiveCfg = Debug|Any CPU
		{D13003EB-644C-4472-8BBD-1523951D8349}.Debug|Mixed Platforms.Build.0 = Debug|Any CPU
		{D13003EB-644C-4472-8BBD-1523951D8349}.Debug|x64.ActiveCfg = Debug|Any CPU
		{D13003EB-644C-4472-8BBD-1523951D8349}.Debug|x86.ActiveCfg = Debug|Any CPU
		{D13003EB-644C-4472-8BBD-1523951D8349}.Release|Any CPU.ActiveCfg = Release|Any CPU
		{D13003EB-644C-4472-8BBD-1523951D8349}.Release|Any CPU.Build.0 = Release|Any CPU
		{D13003EB-644C-4472-8BBD-1523951D8349}.Release|ARM.ActiveCfg = Release|Any CPU
		{D13003EB-644C-4472-8BBD-1523951D8349}.Release|Mixed Platforms.ActiveCfg = Release|Any CPU
		{D13003EB-644C-4472-8BBD-1523951D8349}.Release|Mixed Platforms.Build.0 = Release|Any CPU
		{D13003EB-644C-4472-8BBD-1523951D8349}.Release|x64.ActiveCfg = Release|Any CPU
		{D13003EB-644C-4472-8BBD-1523951D8349}.Release|x86.ActiveCfg = Release|Any CPU
		{2E2CC9A4-CA66-43A6-BD6B-C34CB5671589}.Debug|Any CPU.ActiveCfg = Debug|Any CPU
		{2E2CC9A4-CA66-43A6-BD6B-C34CB5671589}.Debug|Any CPU.Build.0 = Debug|Any CPU
		{2E2CC9A4-CA66-43A6-BD6B-C34CB5671589}.Debug|ARM.ActiveCfg = Debug|ARM
		{2E2CC9A4-CA66-43A6-BD6B-C34CB5671589}.Debug|ARM.Build.0 = Debug|ARM
		{2E2CC9A4-CA66-43A6-BD6B-C34CB5671589}.Debug|Mixed Platforms.ActiveCfg = Debug|x86
		{2E2CC9A4-CA66-43A6-BD6B-C34CB5671589}.Debug|Mixed Platforms.Build.0 = Debug|x86
		{2E2CC9A4-CA66-43A6-BD6B-C34CB5671589}.Debug|x64.ActiveCfg = Debug|Any CPU
		{2E2CC9A4-CA66-43A6-BD6B-C34CB5671589}.Debug|x86.ActiveCfg = Debug|x86
		{2E2CC9A4-CA66-43A6-BD6B-C34CB5671589}.Debug|x86.Build.0 = Debug|x86
		{2E2CC9A4-CA66-43A6-BD6B-C34CB5671589}.Release|Any CPU.ActiveCfg = Release|Any CPU
		{2E2CC9A4-CA66-43A6-BD6B-C34CB5671589}.Release|Any CPU.Build.0 = Release|Any CPU
		{2E2CC9A4-CA66-43A6-BD6B-C34CB5671589}.Release|ARM.ActiveCfg = Release|ARM
		{2E2CC9A4-CA66-43A6-BD6B-C34CB5671589}.Release|ARM.Build.0 = Release|ARM
		{2E2CC9A4-CA66-43A6-BD6B-C34CB5671589}.Release|Mixed Platforms.ActiveCfg = Release|x86
		{2E2CC9A4-CA66-43A6-BD6B-C34CB5671589}.Release|Mixed Platforms.Build.0 = Release|x86
		{2E2CC9A4-CA66-43A6-BD6B-C34CB5671589}.Release|x64.ActiveCfg = Release|Any CPU
		{2E2CC9A4-CA66-43A6-BD6B-C34CB5671589}.Release|x86.ActiveCfg = Release|x86
		{2E2CC9A4-CA66-43A6-BD6B-C34CB5671589}.Release|x86.Build.0 = Release|x86
		{C3BA8D1A-1531-4EE4-8A47-ABAC2A4F9876}.Debug|Any CPU.ActiveCfg = Debug|Any CPU
		{C3BA8D1A-1531-4EE4-8A47-ABAC2A4F9876}.Debug|Any CPU.Build.0 = Debug|Any CPU
		{C3BA8D1A-1531-4EE4-8A47-ABAC2A4F9876}.Debug|Any CPU.Deploy.0 = Debug|Any CPU
		{C3BA8D1A-1531-4EE4-8A47-ABAC2A4F9876}.Debug|ARM.ActiveCfg = Debug|ARM
		{C3BA8D1A-1531-4EE4-8A47-ABAC2A4F9876}.Debug|ARM.Build.0 = Debug|ARM
		{C3BA8D1A-1531-4EE4-8A47-ABAC2A4F9876}.Debug|ARM.Deploy.0 = Debug|ARM
		{C3BA8D1A-1531-4EE4-8A47-ABAC2A4F9876}.Debug|Mixed Platforms.ActiveCfg = Debug|x86
		{C3BA8D1A-1531-4EE4-8A47-ABAC2A4F9876}.Debug|Mixed Platforms.Build.0 = Debug|x86
		{C3BA8D1A-1531-4EE4-8A47-ABAC2A4F9876}.Debug|Mixed Platforms.Deploy.0 = Debug|x86
		{C3BA8D1A-1531-4EE4-8A47-ABAC2A4F9876}.Debug|x64.ActiveCfg = Debug|Any CPU
		{C3BA8D1A-1531-4EE4-8A47-ABAC2A4F9876}.Debug|x86.ActiveCfg = Debug|x86
		{C3BA8D1A-1531-4EE4-8A47-ABAC2A4F9876}.Debug|x86.Build.0 = Debug|x86
		{C3BA8D1A-1531-4EE4-8A47-ABAC2A4F9876}.Debug|x86.Deploy.0 = Debug|x86
		{C3BA8D1A-1531-4EE4-8A47-ABAC2A4F9876}.Release|Any CPU.ActiveCfg = Release|Any CPU
		{C3BA8D1A-1531-4EE4-8A47-ABAC2A4F9876}.Release|Any CPU.Build.0 = Release|Any CPU
		{C3BA8D1A-1531-4EE4-8A47-ABAC2A4F9876}.Release|Any CPU.Deploy.0 = Release|Any CPU
		{C3BA8D1A-1531-4EE4-8A47-ABAC2A4F9876}.Release|ARM.ActiveCfg = Release|ARM
		{C3BA8D1A-1531-4EE4-8A47-ABAC2A4F9876}.Release|ARM.Build.0 = Release|ARM
		{C3BA8D1A-1531-4EE4-8A47-ABAC2A4F9876}.Release|ARM.Deploy.0 = Release|ARM
		{C3BA8D1A-1531-4EE4-8A47-ABAC2A4F9876}.Release|Mixed Platforms.ActiveCfg = Release|x86
		{C3BA8D1A-1531-4EE4-8A47-ABAC2A4F9876}.Release|Mixed Platforms.Build.0 = Release|x86
		{C3BA8D1A-1531-4EE4-8A47-ABAC2A4F9876}.Release|Mixed Platforms.Deploy.0 = Release|x86
		{C3BA8D1A-1531-4EE4-8A47-ABAC2A4F9876}.Release|x64.ActiveCfg = Release|Any CPU
		{C3BA8D1A-1531-4EE4-8A47-ABAC2A4F9876}.Release|x86.ActiveCfg = Release|x86
		{C3BA8D1A-1531-4EE4-8A47-ABAC2A4F9876}.Release|x86.Build.0 = Release|x86
		{C3BA8D1A-1531-4EE4-8A47-ABAC2A4F9876}.Release|x86.Deploy.0 = Release|x86
		{0D5ED866-0BA8-40C4-8749-223A36F765E8}.Debug|Any CPU.ActiveCfg = Debug|Any CPU
		{0D5ED866-0BA8-40C4-8749-223A36F765E8}.Debug|Any CPU.Build.0 = Debug|Any CPU
		{0D5ED866-0BA8-40C4-8749-223A36F765E8}.Debug|Any CPU.Deploy.0 = Debug|Any CPU
		{0D5ED866-0BA8-40C4-8749-223A36F765E8}.Debug|ARM.ActiveCfg = Debug|ARM
		{0D5ED866-0BA8-40C4-8749-223A36F765E8}.Debug|ARM.Build.0 = Debug|ARM
		{0D5ED866-0BA8-40C4-8749-223A36F765E8}.Debug|ARM.Deploy.0 = Debug|ARM
		{0D5ED866-0BA8-40C4-8749-223A36F765E8}.Debug|Mixed Platforms.ActiveCfg = Debug|x86
		{0D5ED866-0BA8-40C4-8749-223A36F765E8}.Debug|Mixed Platforms.Build.0 = Debug|x86
		{0D5ED866-0BA8-40C4-8749-223A36F765E8}.Debug|Mixed Platforms.Deploy.0 = Debug|x86
		{0D5ED866-0BA8-40C4-8749-223A36F765E8}.Debug|x64.ActiveCfg = Debug|x64
		{0D5ED866-0BA8-40C4-8749-223A36F765E8}.Debug|x64.Build.0 = Debug|x64
		{0D5ED866-0BA8-40C4-8749-223A36F765E8}.Debug|x64.Deploy.0 = Debug|x64
		{0D5ED866-0BA8-40C4-8749-223A36F765E8}.Debug|x86.ActiveCfg = Debug|x86
		{0D5ED866-0BA8-40C4-8749-223A36F765E8}.Debug|x86.Build.0 = Debug|x86
		{0D5ED866-0BA8-40C4-8749-223A36F765E8}.Debug|x86.Deploy.0 = Debug|x86
		{0D5ED866-0BA8-40C4-8749-223A36F765E8}.Release|Any CPU.ActiveCfg = Release|Any CPU
		{0D5ED866-0BA8-40C4-8749-223A36F765E8}.Release|Any CPU.Build.0 = Release|Any CPU
		{0D5ED866-0BA8-40C4-8749-223A36F765E8}.Release|Any CPU.Deploy.0 = Release|Any CPU
		{0D5ED866-0BA8-40C4-8749-223A36F765E8}.Release|ARM.ActiveCfg = Release|ARM
		{0D5ED866-0BA8-40C4-8749-223A36F765E8}.Release|ARM.Build.0 = Release|ARM
		{0D5ED866-0BA8-40C4-8749-223A36F765E8}.Release|ARM.Deploy.0 = Release|ARM
		{0D5ED866-0BA8-40C4-8749-223A36F765E8}.Release|Mixed Platforms.ActiveCfg = Release|x86
		{0D5ED866-0BA8-40C4-8749-223A36F765E8}.Release|Mixed Platforms.Build.0 = Release|x86
		{0D5ED866-0BA8-40C4-8749-223A36F765E8}.Release|Mixed Platforms.Deploy.0 = Release|x86
		{0D5ED866-0BA8-40C4-8749-223A36F765E8}.Release|x64.ActiveCfg = Release|x64
		{0D5ED866-0BA8-40C4-8749-223A36F765E8}.Release|x64.Build.0 = Release|x64
		{0D5ED866-0BA8-40C4-8749-223A36F765E8}.Release|x64.Deploy.0 = Release|x64
		{0D5ED866-0BA8-40C4-8749-223A36F765E8}.Release|x86.ActiveCfg = Release|x86
		{0D5ED866-0BA8-40C4-8749-223A36F765E8}.Release|x86.Build.0 = Release|x86
		{0D5ED866-0BA8-40C4-8749-223A36F765E8}.Release|x86.Deploy.0 = Release|x86
		{D7E4955E-D97D-4E44-B9A9-E68CAC7F1292}.Debug|Any CPU.ActiveCfg = Debug|Any CPU
		{D7E4955E-D97D-4E44-B9A9-E68CAC7F1292}.Debug|Any CPU.Build.0 = Debug|Any CPU
		{D7E4955E-D97D-4E44-B9A9-E68CAC7F1292}.Debug|Any CPU.Deploy.0 = Debug|Any CPU
		{D7E4955E-D97D-4E44-B9A9-E68CAC7F1292}.Debug|ARM.ActiveCfg = Debug|ARM
		{D7E4955E-D97D-4E44-B9A9-E68CAC7F1292}.Debug|ARM.Build.0 = Debug|ARM
		{D7E4955E-D97D-4E44-B9A9-E68CAC7F1292}.Debug|ARM.Deploy.0 = Debug|ARM
		{D7E4955E-D97D-4E44-B9A9-E68CAC7F1292}.Debug|Mixed Platforms.ActiveCfg = Debug|x86
		{D7E4955E-D97D-4E44-B9A9-E68CAC7F1292}.Debug|Mixed Platforms.Build.0 = Debug|x86
		{D7E4955E-D97D-4E44-B9A9-E68CAC7F1292}.Debug|Mixed Platforms.Deploy.0 = Debug|x86
		{D7E4955E-D97D-4E44-B9A9-E68CAC7F1292}.Debug|x64.ActiveCfg = Debug|Any CPU
		{D7E4955E-D97D-4E44-B9A9-E68CAC7F1292}.Debug|x86.ActiveCfg = Debug|x86
		{D7E4955E-D97D-4E44-B9A9-E68CAC7F1292}.Debug|x86.Build.0 = Debug|x86
		{D7E4955E-D97D-4E44-B9A9-E68CAC7F1292}.Debug|x86.Deploy.0 = Debug|x86
		{D7E4955E-D97D-4E44-B9A9-E68CAC7F1292}.Release|Any CPU.ActiveCfg = Release|Any CPU
		{D7E4955E-D97D-4E44-B9A9-E68CAC7F1292}.Release|Any CPU.Build.0 = Release|Any CPU
		{D7E4955E-D97D-4E44-B9A9-E68CAC7F1292}.Release|Any CPU.Deploy.0 = Release|Any CPU
		{D7E4955E-D97D-4E44-B9A9-E68CAC7F1292}.Release|ARM.ActiveCfg = Release|ARM
		{D7E4955E-D97D-4E44-B9A9-E68CAC7F1292}.Release|ARM.Build.0 = Release|ARM
		{D7E4955E-D97D-4E44-B9A9-E68CAC7F1292}.Release|ARM.Deploy.0 = Release|ARM
		{D7E4955E-D97D-4E44-B9A9-E68CAC7F1292}.Release|Mixed Platforms.ActiveCfg = Release|x86
		{D7E4955E-D97D-4E44-B9A9-E68CAC7F1292}.Release|Mixed Platforms.Build.0 = Release|x86
		{D7E4955E-D97D-4E44-B9A9-E68CAC7F1292}.Release|Mixed Platforms.Deploy.0 = Release|x86
		{D7E4955E-D97D-4E44-B9A9-E68CAC7F1292}.Release|x64.ActiveCfg = Release|Any CPU
		{D7E4955E-D97D-4E44-B9A9-E68CAC7F1292}.Release|x86.ActiveCfg = Release|x86
		{D7E4955E-D97D-4E44-B9A9-E68CAC7F1292}.Release|x86.Build.0 = Release|x86
		{D7E4955E-D97D-4E44-B9A9-E68CAC7F1292}.Release|x86.Deploy.0 = Release|x86
		{00662167-7D0F-4E19-AFA9-B4955CAEFA8B}.Debug|Any CPU.ActiveCfg = Debug|Any CPU
		{00662167-7D0F-4E19-AFA9-B4955CAEFA8B}.Debug|Any CPU.Build.0 = Debug|Any CPU
		{00662167-7D0F-4E19-AFA9-B4955CAEFA8B}.Debug|Any CPU.Deploy.0 = Debug|Any CPU
		{00662167-7D0F-4E19-AFA9-B4955CAEFA8B}.Debug|ARM.ActiveCfg = Debug|ARM
		{00662167-7D0F-4E19-AFA9-B4955CAEFA8B}.Debug|ARM.Build.0 = Debug|ARM
		{00662167-7D0F-4E19-AFA9-B4955CAEFA8B}.Debug|ARM.Deploy.0 = Debug|ARM
		{00662167-7D0F-4E19-AFA9-B4955CAEFA8B}.Debug|Mixed Platforms.ActiveCfg = Debug|x86
		{00662167-7D0F-4E19-AFA9-B4955CAEFA8B}.Debug|Mixed Platforms.Build.0 = Debug|x86
		{00662167-7D0F-4E19-AFA9-B4955CAEFA8B}.Debug|Mixed Platforms.Deploy.0 = Debug|x86
		{00662167-7D0F-4E19-AFA9-B4955CAEFA8B}.Debug|x64.ActiveCfg = Debug|x64
		{00662167-7D0F-4E19-AFA9-B4955CAEFA8B}.Debug|x64.Build.0 = Debug|x64
		{00662167-7D0F-4E19-AFA9-B4955CAEFA8B}.Debug|x64.Deploy.0 = Debug|x64
		{00662167-7D0F-4E19-AFA9-B4955CAEFA8B}.Debug|x86.ActiveCfg = Debug|x86
		{00662167-7D0F-4E19-AFA9-B4955CAEFA8B}.Debug|x86.Build.0 = Debug|x86
		{00662167-7D0F-4E19-AFA9-B4955CAEFA8B}.Debug|x86.Deploy.0 = Debug|x86
		{00662167-7D0F-4E19-AFA9-B4955CAEFA8B}.Release|Any CPU.ActiveCfg = Release|Any CPU
		{00662167-7D0F-4E19-AFA9-B4955CAEFA8B}.Release|Any CPU.Build.0 = Release|Any CPU
		{00662167-7D0F-4E19-AFA9-B4955CAEFA8B}.Release|Any CPU.Deploy.0 = Release|Any CPU
		{00662167-7D0F-4E19-AFA9-B4955CAEFA8B}.Release|ARM.ActiveCfg = Release|ARM
		{00662167-7D0F-4E19-AFA9-B4955CAEFA8B}.Release|ARM.Build.0 = Release|ARM
		{00662167-7D0F-4E19-AFA9-B4955CAEFA8B}.Release|ARM.Deploy.0 = Release|ARM
		{00662167-7D0F-4E19-AFA9-B4955CAEFA8B}.Release|Mixed Platforms.ActiveCfg = Release|x86
		{00662167-7D0F-4E19-AFA9-B4955CAEFA8B}.Release|Mixed Platforms.Build.0 = Release|x86
		{00662167-7D0F-4E19-AFA9-B4955CAEFA8B}.Release|Mixed Platforms.Deploy.0 = Release|x86
		{00662167-7D0F-4E19-AFA9-B4955CAEFA8B}.Release|x64.ActiveCfg = Release|x64
		{00662167-7D0F-4E19-AFA9-B4955CAEFA8B}.Release|x64.Build.0 = Release|x64
		{00662167-7D0F-4E19-AFA9-B4955CAEFA8B}.Release|x64.Deploy.0 = Release|x64
		{00662167-7D0F-4E19-AFA9-B4955CAEFA8B}.Release|x86.ActiveCfg = Release|x86
		{00662167-7D0F-4E19-AFA9-B4955CAEFA8B}.Release|x86.Build.0 = Release|x86
		{00662167-7D0F-4E19-AFA9-B4955CAEFA8B}.Release|x86.Deploy.0 = Release|x86
		{6ADF193A-E17F-479D-9A6F-03403EA03C6A}.Debug|Any CPU.ActiveCfg = Debug|Any CPU
		{6ADF193A-E17F-479D-9A6F-03403EA03C6A}.Debug|Any CPU.Build.0 = Debug|Any CPU
		{6ADF193A-E17F-479D-9A6F-03403EA03C6A}.Debug|ARM.ActiveCfg = Debug|Any CPU
		{6ADF193A-E17F-479D-9A6F-03403EA03C6A}.Debug|Mixed Platforms.ActiveCfg = Debug|Any CPU
		{6ADF193A-E17F-479D-9A6F-03403EA03C6A}.Debug|Mixed Platforms.Build.0 = Debug|Any CPU
		{6ADF193A-E17F-479D-9A6F-03403EA03C6A}.Debug|x64.ActiveCfg = Debug|Any CPU
		{6ADF193A-E17F-479D-9A6F-03403EA03C6A}.Debug|x86.ActiveCfg = Debug|Any CPU
		{6ADF193A-E17F-479D-9A6F-03403EA03C6A}.Release|Any CPU.ActiveCfg = Release|Any CPU
		{6ADF193A-E17F-479D-9A6F-03403EA03C6A}.Release|Any CPU.Build.0 = Release|Any CPU
		{6ADF193A-E17F-479D-9A6F-03403EA03C6A}.Release|ARM.ActiveCfg = Release|Any CPU
		{6ADF193A-E17F-479D-9A6F-03403EA03C6A}.Release|Mixed Platforms.ActiveCfg = Release|Any CPU
		{6ADF193A-E17F-479D-9A6F-03403EA03C6A}.Release|Mixed Platforms.Build.0 = Release|Any CPU
		{6ADF193A-E17F-479D-9A6F-03403EA03C6A}.Release|x64.ActiveCfg = Release|Any CPU
		{6ADF193A-E17F-479D-9A6F-03403EA03C6A}.Release|x86.ActiveCfg = Release|Any CPU
	EndGlobalSection
	GlobalSection(SolutionProperties) = preSolution
		HideSolutionNode = FALSE
	EndGlobalSection
EndGlobal
